
Microsoft Visual Studio Solution File, Format Version 11.00
# Visual Studio 2010
Project("{FAE04EC0-301F-11D3-BF4B-00C04F79EFBC}") = "ApplicationTeste", "ApplicationTeste\ApplicationTeste.csproj", "{CB776B44-B089-4B6E-BF47-385D53901242}"
EndProject
Project("{FAE04EC0-301F-11D3-BF4B-00C04F79EFBC}") = "XFunny", "XFunny\XFunny.csproj", "{316C9BA7-9787-41FF-A350-D9B4227640B3}"
EndProject
Project("{54435603-DBB4-11D2-8724-00A0C9A8B90C}") = "Install.XFunny", "Install.XFunny\Install.XFunny.vdproj", "{D050401F-F7F7-43EA-A865-2EB6AD65ABE5}"
EndProject
Global
	GlobalSection(SolutionConfigurationPlatforms) = preSolution
		Debug|Any CPU = Debug|Any CPU
		Debug|Mixed Platforms = Debug|Mixed Platforms
		Debug|x86 = Debug|x86
		Release|Any CPU = Release|Any CPU
		Release|Mixed Platforms = Release|Mixed Platforms
		Release|x86 = Release|x86
	EndGlobalSection
	GlobalSection(ProjectConfigurationPlatforms) = postSolution
		{CB776B44-B089-4B6E-BF47-385D53901242}.Debug|Any CPU.ActiveCfg = Debug|x86
		{CB776B44-B089-4B6E-BF47-385D53901242}.Debug|Mixed Platforms.ActiveCfg = Debug|x86
		{CB776B44-B089-4B6E-BF47-385D53901242}.Debug|Mixed Platforms.Build.0 = Debug|x86
		{CB776B44-B089-4B6E-BF47-385D53901242}.Debug|x86.ActiveCfg = Debug|x86
		{CB776B44-B089-4B6E-BF47-385D53901242}.Debug|x86.Build.0 = Debug|x86
		{CB776B44-B089-4B6E-BF47-385D53901242}.Release|Any CPU.ActiveCfg = Release|x86
		{CB776B44-B089-4B6E-BF47-385D53901242}.Release|Mixed Platforms.ActiveCfg = Release|x86
		{CB776B44-B089-4B6E-BF47-385D53901242}.Release|Mixed Platforms.Build.0 = Release|x86
		{CB776B44-B089-4B6E-BF47-385D53901242}.Release|x86.ActiveCfg = Release|x86
		{CB776B44-B089-4B6E-BF47-385D53901242}.Release|x86.Build.0 = Release|x86
		{316C9BA7-9787-41FF-A350-D9B4227640B3}.Debug|Any CPU.ActiveCfg = Debug|Any CPU
		{316C9BA7-9787-41FF-A350-D9B4227640B3}.Debug|Any CPU.Build.0 = Debug|Any CPU
		{316C9BA7-9787-41FF-A350-D9B4227640B3}.Debug|Mixed Platforms.ActiveCfg = Debug|Any CPU
		{316C9BA7-9787-41FF-A350-D9B4227640B3}.Debug|Mixed Platforms.Build.0 = Debug|Any CPU
		{316C9BA7-9787-41FF-A350-D9B4227640B3}.Debug|x86.ActiveCfg = Debug|Any CPU
		{316C9BA7-9787-41FF-A350-D9B4227640B3}.Release|Any CPU.ActiveCfg = Release|Any CPU
		{316C9BA7-9787-41FF-A350-D9B4227640B3}.Release|Any CPU.Build.0 = Release|Any CPU
		{316C9BA7-9787-41FF-A350-D9B4227640B3}.Release|Mixed Platforms.ActiveCfg = Release|Any CPU
		{316C9BA7-9787-41FF-A350-D9B4227640B3}.Release|Mixed Platforms.Build.0 = Release|Any CPU
		{316C9BA7-9787-41FF-A350-D9B4227640B3}.Release|x86.ActiveCfg = Release|Any CPU
		{D050401F-F7F7-43EA-A865-2EB6AD65ABE5}.Debug|Any CPU.ActiveCfg = Debug
		{D050401F-F7F7-43EA-A865-2EB6AD65ABE5}.Debug|Mixed Platforms.ActiveCfg = Debug
		{D050401F-F7F7-43EA-A865-2EB6AD65ABE5}.Debug|x86.ActiveCfg = Debug
		{D050401F-F7F7-43EA-A865-2EB6AD65ABE5}.Release|Any CPU.ActiveCfg = Release
		{D050401F-F7F7-43EA-A865-2EB6AD65ABE5}.Release|Mixed Platforms.ActiveCfg = Release
		{D050401F-F7F7-43EA-A865-2EB6AD65ABE5}.Release|x86.ActiveCfg = Release
	EndGlobalSection
	GlobalSection(SolutionProperties) = preSolution
		HideSolutionNode = FALSE
	EndGlobalSection
EndGlobal
